
Microsoft Visual Studio Solution File, Format Version 12.00
# Visual Studio Version 16
VisualStudioVersion = 25.0.1705.4
MinimumVisualStudioVersion = 10.0.40219.1
Project("{FAE04EC0-301F-11D3-BF4B-00C04F79EFBC}") = "EStoreWebApi", "EStoreWebApi\EStoreWebApi.csproj", "{4F27F65A-48C7-4B57-9265-BDC2ABCCB700}"
EndProject
Global
	GlobalSection(SolutionConfigurationPlatforms) = preSolution
		Debug|Any CPU = Debug|Any CPU
		Release|Any CPU = Release|Any CPU
	EndGlobalSection
	GlobalSection(ProjectConfigurationPlatforms) = postSolution
		{4F27F65A-48C7-4B57-9265-BDC2ABCCB700}.Debug|Any CPU.ActiveCfg = Debug|Any CPU
		{4F27F65A-48C7-4B57-9265-BDC2ABCCB700}.Debug|Any CPU.Build.0 = Debug|Any CPU
		{4F27F65A-48C7-4B57-9265-BDC2ABCCB700}.Release|Any CPU.ActiveCfg = Release|Any CPU
		{4F27F65A-48C7-4B57-9265-BDC2ABCCB700}.Release|Any CPU.Build.0 = Release|Any CPU
		{6EC0E2C5-007E-4031-A89C-E302B89B376A}.Debug|Any CPU.ActiveCfg = Debug|Any CPU
		{6EC0E2C5-007E-4031-A89C-E302B89B376A}.Debug|Any CPU.Build.0 = Debug|Any CPU
		{6EC0E2C5-007E-4031-A89C-E302B89B376A}.Release|Any CPU.ActiveCfg = Release|Any CPU
		{6EC0E2C5-007E-4031-A89C-E302B89B376A}.Release|Any CPU.Build.0 = Release|Any CPU
	EndGlobalSection
	GlobalSection(SolutionProperties) = preSolution
		HideSolutionNode = FALSE
	EndGlobalSection
	GlobalSection(ExtensibilityGlobals) = postSolution
		SolutionGuid = {E6490E01-F584-4CF6-AC5B-0C2AD8BBA389}
	EndGlobalSection
EndGlobal
